
Microsoft Visual Studio Solution File, Format Version 12.00
# Visual Studio Version 16
VisualStudioVersion = 16.0.30002.166
MinimumVisualStudioVersion = 10.0.40219.1
Project("{FAE04EC0-301F-11D3-BF4B-00C04F79EFBC}") = "myrandomrealnumber", "myrandomrealnumber\myrandomrealnumber.csproj", "{050F9831-9C78-4542-9087-44C20A97356E}"
EndProject
Global
	GlobalSection(SolutionConfigurationPlatforms) = preSolution
		Debug|Any CPU = Debug|Any CPU
		Release|Any CPU = Release|Any CPU
	EndGlobalSection
	GlobalSection(ProjectConfigurationPlatforms) = postSolution
		{050F9831-9C78-4542-9087-44C20A97356E}.Debug|Any CPU.ActiveCfg = Debug|Any CPU
		{050F9831-9C78-4542-9087-44C20A97356E}.Debug|Any CPU.Build.0 = Debug|Any CPU
		{050F9831-9C78-4542-9087-44C20A97356E}.Release|Any CPU.ActiveCfg = Release|Any CPU
		{050F9831-9C78-4542-9087-44C20A97356E}.Release|Any CPU.Build.0 = Release|Any CPU
	EndGlobalSection
	GlobalSection(SolutionProperties) = preSolution
		HideSolutionNode = FALSE
	EndGlobalSection
	GlobalSection(ExtensibilityGlobals) = postSolution
		SolutionGuid = {EAAAF2C7-7EA1-48A0-BBB8-2F4EA8156D89}
	EndGlobalSection
EndGlobal
